{
  "name": "structured-field-values",
  "version": "0.2.1",
  "lockfileVersion": 1,
  "requires": true,
  "dependencies": {
    "hi-base32": {
      "version": "0.5.0",
      "resolved": "https://registry.npmjs.org/hi-base32/-/hi-base32-0.5.0.tgz",
      "integrity": "sha512-DDRmxSyoYuvjUb9EnXdoiMChBZ7ZcUVJsK5Frd3kqMhuBxvmZdnBeynAVfj7/ECbn++CekcoprvC/rprHPAtow==",
      "dev": true
    }
  }
}
